// !$*UTF8*$!
{
	archiveVersion = 1;
	classes = {
	};
	objectVersion = 56;
	objects = {

/* Begin PBXBuildFile section */
		3DAFF2AB2AC7638B008D57CF /* ExpenseDataApp.swift in Sources */ = {isa = PBXBuildFile; fileRef = 3DAFF2AA2AC7638B008D57CF /* ExpenseDataApp.swift */; };
		3DAFF2AD2AC7638B008D57CF /* ContentView.swift in Sources */ = {isa = PBXBuildFile; fileRef = 3DAFF2AC2AC7638B008D57CF /* ContentView.swift */; };
		3DAFF2AF2AC7638B008D57CF /* Item.swift in Sources */ = {isa = PBXBuildFile; fileRef = 3DAFF2AE2AC7638B008D57CF /* Item.swift */; };
		3DAFF2B12AC7638B008D57CF /* Assets.xcassets in Resources */ = {isa = PBXBuildFile; fileRef = 3DAFF2B02AC7638B008D57CF /* Assets.xcassets */; };
		3DAFF2B42AC7638B008D57CF /* Preview Assets.xcassets in Resources */ = {isa = PBXBuildFile; fileRef = 3DAFF2B32AC7638B008D57CF /* Preview Assets.xcassets */; };
		3DAFF2BB2AC76394008D57CF /* Expense.swift in Sources */ = {isa = PBXBuildFile; fileRef = 3DAFF2BA2AC76394008D57CF /* Expense.swift */; };
		3DAFF2BD2AC767E6008D57CF /* AddExpenseSheet.swift in Sources */ = {isa = PBXBuildFile; fileRef = 3DAFF2BC2AC767E6008D57CF /* AddExpenseSheet.swift */; };
		3DAFF2BF2AC76A0D008D57CF /* ExpenseCell.swift in Sources */ = {isa = PBXBuildFile; fileRef = 3DAFF2BE2AC76A0D008D57CF /* ExpenseCell.swift */; };
		3DAFF2C12AC76D77008D57CF /* UpdateExpenseSheet.swift in Sources */ = {isa = PBXBuildFile; fileRef = 3DAFF2C02AC76D77008D57CF /* UpdateExpenseSheet.swift */; };
/* End PBXBuildFile section */

/* Begin PBXFileReference section */
		3DAFF2A72AC7638B008D57CF /* ExpenseData.app */ = {isa = PBXFileReference; explicitFileType = wrapper.application; includeInIndex = 0; path = ExpenseData.app; sourceTree = BUILT_PRODUCTS_DIR; };
		3DAFF2AA2AC7638B008D57CF /* ExpenseDataApp.swift */ = {isa = PBXFileReference; lastKnownFileType = sourcecode.swift; path = ExpenseDataApp.swift; sourceTree = "<group>"; };
		3DAFF2AC2AC7638B008D57CF /* ContentView.swift */ = {isa = PBXFileReference; lastKnownFileType = sourcecode.swift; path = ContentView.swift; sourceTree = "<group>"; };
		3DAFF2AE2AC7638B008D57CF /* Item.swift */ = {isa = PBXFileReference; lastKnownFileType = sourcecode.swift; path = Item.swift; sourceTree = "<group>"; };
		3DAFF2B02AC7638B008D57CF /* Assets.xcassets */ = {isa = PBXFileReference; lastKnownFileType = folder.assetcatalog; path = Assets.xcassets; sourceTree = "<group>"; };
		3DAFF2B32AC7638B008D57CF /* Preview Assets.xcassets */ = {isa = PBXFileReference; lastKnownFileType = folder.assetcatalog; path = "Preview Assets.xcassets"; sourceTree = "<group>"; };
		3DAFF2BA2AC76394008D57CF /* Expense.swift */ = {isa = PBXFileReference; lastKnownFileType = sourcecode.swift; path = Expense.swift; sourceTree = "<group>"; };
		3DAFF2BC2AC767E6008D57CF /* AddExpenseSheet.swift */ = {isa = PBXFileReference; lastKnownFileType = sourcecode.swift; path = AddExpenseSheet.swift; sourceTree = "<group>"; };
		3DAFF2BE2AC76A0D008D57CF /* ExpenseCell.swift */ = {isa = PBXFileReference; lastKnownFileType = sourcecode.swift; path = ExpenseCell.swift; sourceTree = "<group>"; };
		3DAFF2C02AC76D77008D57CF /* UpdateExpenseSheet.swift */ = {isa = PBXFileReference; lastKnownFileType = sourcecode.swift; path = UpdateExpenseSheet.swift; sourceTree = "<group>"; };
/* End PBXFileReference section */

/* Begin PBXFrameworksBuildPhase section */
		3DAFF2A42AC7638B008D57CF /* Frameworks */ = {
			isa = PBXFrameworksBuildPhase;
			buildActionMask = 2147483647;
			files = (
			);
			runOnlyForDeploymentPostprocessing = 0;
		};
/* End PBXFrameworksBuildPhase section */

/* Begin PBXGroup section */
		3DAFF29E2AC7638B008D57CF = {
			isa = PBXGroup;
			children = (
				3DAFF2A92AC7638B008D57CF /* ExpenseData */,
				3DAFF2A82AC7638B008D57CF /* Products */,
			);
			sourceTree = "<group>";
		};
		3DAFF2A82AC7638B008D57CF /* Products */ = {
			isa = PBXGroup;
			children = (
				3DAFF2A72AC7638B008D57CF /* ExpenseData.app */,
			);
			name = Products;
			sourceTree = "<group>";
		};
		3DAFF2A92AC7638B008D57CF /* ExpenseData */ = {
			isa = PBXGroup;
			children = (
				3DAFF2AA2AC7638B008D57CF /* ExpenseDataApp.swift */,
				3DAFF2AC2AC7638B008D57CF /* ContentView.swift */,
				3DAFF2C02AC76D77008D57CF /* UpdateExpenseSheet.swift */,
				3DAFF2BC2AC767E6008D57CF /* AddExpenseSheet.swift */,
				3DAFF2BE2AC76A0D008D57CF /* ExpenseCell.swift */,
				3DAFF2BA2AC76394008D57CF /* Expense.swift */,
				3DAFF2AE2AC7638B008D57CF /* Item.swift */,
				3DAFF2B02AC7638B008D57CF /* Assets.xcassets */,
				3DAFF2B22AC7638B008D57CF /* Preview Content */,
			);
			path = ExpenseData;
			sourceTree = "<group>";
		};
		3DAFF2B22AC7638B008D57CF /* Preview Content */ = {
			isa = PBXGroup;
			children = (
				3DAFF2B32AC7638B008D57CF /* Preview Assets.xcassets */,
			);
			path = "Preview Content";
			sourceTree = "<group>";
		};
/* End PBXGroup section */

/* Begin PBXNativeTarget section */
		3DAFF2A62AC7638B008D57CF /* ExpenseData */ = {
			isa = PBXNativeTarget;
			buildConfigurationList = 3DAFF2B72AC7638B008D57CF /* Build configuration list for PBXNativeTarget "ExpenseData" */;
			buildPhases = (
				3DAFF2A32AC7638B008D57CF /* Sources */,
				3DAFF2A42AC7638B008D57CF /* Frameworks */,
				3DAFF2A52AC7638B008D57CF /* Resources */,
			);
			buildRules = (
			);
			dependencies = (
			);
			name = ExpenseData;
			productName = ExpenseData;
			productReference = 3DAFF2A72AC7638B008D57CF /* ExpenseData.app */;
			productType = "com.apple.product-type.application";
		};
/* End PBXNativeTarget section */

/* Begin PBXProject section */
		3DAFF29F2AC7638B008D57CF /* Project object */ = {
			isa = PBXProject;
			attributes = {
				BuildIndependentTargetsInParallel = 1;
				LastSwiftUpdateCheck = 1500;
				LastUpgradeCheck = 1500;
				TargetAttributes = {
					3DAFF2A62AC7638B008D57CF = {
						CreatedOnToolsVersion = 15.0;
					};
				};
			};
			buildConfigurationList = 3DAFF2A22AC7638B008D57CF /* Build configuration list for PBXProject "ExpenseData" */;
			compatibilityVersion = "Xcode 14.0";
			developmentRegion = en;
			hasScannedForEncodings = 0;
			knownRegions = (
				en,
				Base,
			);
			mainGroup = 3DAFF29E2AC7638B008D57CF;
			productRefGroup = 3DAFF2A82AC7638B008D57CF /* Products */;
			projectDirPath = "";
			projectRoot = "";
			targets = (
				3DAFF2A62AC7638B008D57CF /* ExpenseData */,
			);
		};
/* End PBXProject section */

/* Begin PBXResourcesBuildPhase section */
		3DAFF2A52AC7638B008D57CF /* Resources */ = {
			isa = PBXResourcesBuildPhase;
			buildActionMask = 2147483647;
			files = (
				3DAFF2B42AC7638B008D57CF /* Preview Assets.xcassets in Resources */,
				3DAFF2B12AC7638B008D57CF /* Assets.xcassets in Resources */,
			);
			runOnlyForDeploymentPostprocessing = 0;
		};
/* End PBXResourcesBuildPhase section */

/* Begin PBXSourcesBuildPhase section */
		3DAFF2A32AC7638B008D57CF /* Sources */ = {
			isa = PBXSourcesBuildPhase;
			buildActionMask = 2147483647;
			files = (
				3DAFF2BB2AC76394008D57CF /* Expense.swift in Sources */,
				3DAFF2AD2AC7638B008D57CF /* ContentView.swift in Sources */,
				3DAFF2AF2AC7638B008D57CF /* Item.swift in Sources */,
				3DAFF2AB2AC7638B008D57CF /* ExpenseDataApp.swift in Sources */,
				3DAFF2C12AC76D77008D57CF /* UpdateExpenseSheet.swift in Sources */,
				3DAFF2BF2AC76A0D008D57CF /* ExpenseCell.swift in Sources */,
				3DAFF2BD2AC767E6008D57CF /* AddExpenseSheet.swift in Sources */,
			);
			runOnlyForDeploymentPostprocessing = 0;
		};
/* End PBXSourcesBuildPhase section */

/* Begin XCBuildConfiguration section */
		3DAFF2B52AC7638B008D57CF /* Debug */ = {
			isa = XCBuildConfiguration;
			buildSettings = {
				ALWAYS_SEARCH_USER_PATHS = NO;
				ASSETCATALOG_COMPILER_GENERATE_SWIFT_ASSET_SYMBOL_EXTENSIONS = YES;
				CLANG_ANALYZER_NONNULL = YES;
				CLANG_ANALYZER_NUMBER_OBJECT_CONVERSION = YES_AGGRESSIVE;
				CLANG_CXX_LANGUAGE_STANDARD = "gnu++20";
				CLANG_ENABLE_MODULES = YES;
				CLANG_ENABLE_OBJC_ARC = YES;
				CLANG_ENABLE_OBJC_WEAK = YES;
				CLANG_WARN_BLOCK_CAPTURE_AUTORELEASING = YES;
				CLANG_WARN_BOOL_CONVERSION = YES;
				CLANG_WARN_COMMA = YES;
				CLANG_WARN_CONSTANT_CONVERSION = YES;
				CLANG_WARN_DEPRECATED_OBJC_IMPLEMENTATIONS = YES;
				CLANG_WARN_DIRECT_OBJC_ISA_USAGE = YES_ERROR;
				CLANG_WARN_DOCUMENTATION_COMMENTS = YES;
				CLANG_WARN_EMPTY_BODY = YES;
				CLANG_WARN_ENUM_CONVERSION = YES;
				CLANG_WARN_INFINITE_RECURSION = YES;
				CLANG_WARN_INT_CONVERSION = YES;
				CLANG_WARN_NON_LITERAL_NULL_CONVERSION = YES;
				CLANG_WARN_OBJC_IMPLICIT_RETAIN_SELF = YES;
				CLANG_WARN_OBJC_LITERAL_CONVERSION = YES;
				CLANG_WARN_OBJC_ROOT_CLASS = YES_ERROR;
				CLANG_WARN_QUOTED_INCLUDE_IN_FRAMEWORK_HEADER = YES;
				CLANG_WARN_RANGE_LOOP_ANALYSIS = YES;
				CLANG_WARN_STRICT_PROTOTYPES = YES;
				CLANG_WARN_SUSPICIOUS_MOVE = YES;
				CLANG_WARN_UNGUARDED_AVAILABILITY = YES_AGGRESSIVE;
				CLANG_WARN_UNREACHABLE_CODE = YES;
				CLANG_WARN__DUPLICATE_METHOD_MATCH = YES;
				COPY_PHASE_STRIP = NO;
				DEBUG_INFORMATION_FORMAT = dwarf;
				ENABLE_STRICT_OBJC_MSGSEND = YES;
				ENABLE_TESTABILITY = YES;
				ENABLE_USER_SCRIPT_SANDBOXING = YES;
				GCC_C_LANGUAGE_STANDARD = gnu17;
				GCC_DYNAMIC_NO_PIC = NO;
				GCC_NO_COMMON_BLOCKS = YES;
				GCC_OPTIMIZATION_LEVEL = 0;
				GCC_PREPROCESSOR_DEFINITIONS = (
					"DEBUG=1",
					"$(inherited)",
				);
				GCC_WARN_64_TO_32_BIT_CONVERSION = YES;
				GCC_WARN_ABOUT_RETURN_TYPE = YES_ERROR;
				GCC_WARN_UNDECLARED_SELECTOR = YES;
				GCC_WARN_UNINITIALIZED_AUTOS = YES_AGGRESSIVE;
				GCC_WARN_UNUSED_FUNCTION = YES;
				GCC_WARN_UNUSED_VARIABLE = YES;
				IPHONEOS_DEPLOYMENT_TARGET = 17.0;
				LOCALIZATION_PREFERS_STRING_CATALOGS = YES;
				MTL_ENABLE_DEBUG_INFO = INCLUDE_SOURCE;
				MTL_FAST_MATH = YES;
				ONLY_ACTIVE_ARCH = YES;
				SDKROOT = iphoneos;
				SWIFT_ACTIVE_COMPILATION_CONDITIONS = "DEBUG $(inherited)";
				SWIFT_OPTIMIZATION_LEVEL = "-Onone";
			};
			name = Debug;
		};
		3DAFF2B62AC7638B008D57CF /* Release */ = {
			isa = XCBuildConfiguration;
			buildSettings = {
				ALWAYS_SEARCH_USER_PATHS = NO;
				ASSETCATALOG_COMPILER_GENERATE_SWIFT_ASSET_SYMBOL_EXTENSIONS = YES;
				CLANG_ANALYZER_NONNULL = YES;
				CLANG_ANALYZER_NUMBER_OBJECT_CONVERSION = YES_AGGRESSIVE;
				CLANG_CXX_LANGUAGE_STANDARD = "gnu++20";
				CLANG_ENABLE_MODULES = YES;
				CLANG_ENABLE_OBJC_ARC = YES;
				CLANG_ENABLE_OBJC_WEAK = YES;
				CLANG_WARN_BLOCK_CAPTURE_AUTORELEASING = YES;
				CLANG_WARN_BOOL_CONVERSION = YES;
				CLANG_WARN_COMMA = YES;
				CLANG_WARN_CONSTANT_CONVERSION = YES;
				CLANG_WARN_DEPRECATED_OBJC_IMPLEMENTATIONS = YES;
				CLANG_WARN_DIRECT_OBJC_ISA_USAGE = YES_ERROR;
				CLANG_WARN_DOCUMENTATION_COMMENTS = YES;
				CLANG_WARN_EMPTY_BODY = YES;
				CLANG_WARN_ENUM_CONVERSION = YES;
				CLANG_WARN_INFINITE_RECURSION = YES;
				CLANG_WARN_INT_CONVERSION = YES;
				CLANG_WARN_NON_LITERAL_NULL_CONVERSION = YES;
				CLANG_WARN_OBJC_IMPLICIT_RETAIN_SELF = YES;
				CLANG_WARN_OBJC_LITERAL_CONVERSION = YES;
				CLANG_WARN_OBJC_ROOT_CLASS = YES_ERROR;
				CLANG_WARN_QUOTED_INCLUDE_IN_FRAMEWORK_HEADER = YES;
				CLANG_WARN_RANGE_LOOP_ANALYSIS = YES;
				CLANG_WARN_STRICT_PROTOTYPES = YES;
				CLANG_WARN_SUSPICIOUS_MOVE = YES;
				CLANG_WARN_UNGUARDED_AVAILABILITY = YES_AGGRESSIVE;
				CLANG_WARN_UNREACHABLE_CODE = YES;
				CLANG_WARN__DUPLICATE_METHOD_MATCH = YES;
				COPY_PHASE_STRIP = NO;
				DEBUG_INFORMATION_FORMAT = "dwarf-with-dsym";
				ENABLE_NS_ASSERTIONS = NO;
				ENABLE_STRICT_OBJC_MSGSEND = YES;
				ENABLE_USER_SCRIPT_SANDBOXING = YES;
				GCC_C_LANGUAGE_STANDARD = gnu17;
				GCC_NO_COMMON_BLOCKS = YES;
				GCC_WARN_64_TO_32_BIT_CONVERSION = YES;
				GCC_WARN_ABOUT_RETURN_TYPE = YES_ERROR;
				GCC_WARN_UNDECLARED_SELECTOR = YES;
				GCC_WARN_UNINITIALIZED_AUTOS = YES_AGGRESSIVE;
				GCC_WARN_UNUSED_FUNCTION = YES;
				GCC_WARN_UNUSED_VARIABLE = YES;
				IPHONEOS_DEPLOYMENT_TARGET = 17.0;
				LOCALIZATION_PREFERS_STRING_CATALOGS = YES;
				MTL_ENABLE_DEBUG_INFO = NO;
				MTL_FAST_MATH = YES;
				SDKROOT = iphoneos;
				SWIFT_COMPILATION_MODE = wholemodule;
				VALIDATE_PRODUCT = YES;
			};
			name = Release;
		};
		3DAFF2B82AC7638B008D57CF /* Debug */ = {
			isa = XCBuildConfiguration;
			buildSettings = {
				ASSETCATALOG_COMPILER_APPICON_NAME = AppIcon;
				ASSETCATALOG_COMPILER_GLOBAL_ACCENT_COLOR_NAME = AccentColor;
				CODE_SIGN_STYLE = Automatic;
				CURRENT_PROJECT_VERSION = 1;
				DEVELOPMENT_ASSET_PATHS = "\"ExpenseData/Preview Content\"";
				ENABLE_PREVIEWS = YES;
				GENERATE_INFOPLIST_FILE = YES;
				INFOPLIST_KEY_UIApplicationSceneManifest_Generation = YES;
				INFOPLIST_KEY_UIApplicationSupportsIndirectInputEvents = YES;
				INFOPLIST_KEY_UILaunchScreen_Generation = YES;
				INFOPLIST_KEY_UISupportedInterfaceOrientations_iPad = "UIInterfaceOrientationPortrait UIInterfaceOrientationPortraitUpsideDown UIInterfaceOrientationLandscapeLeft UIInterfaceOrientationLandscapeRight";
				INFOPLIST_KEY_UISupportedInterfaceOrientations_iPhone = "UIInterfaceOrientationPortrait UIInterfaceOrientationLandscapeLeft UIInterfaceOrientationLandscapeRight";
				LD_RUNPATH_SEARCH_PATHS = (
					"$(inherited)",
					"@executable_path/Frameworks",
				);
				MARKETING_VERSION = 1.0;
				PRODUCT_BUNDLE_IDENTIFIER = com.ravikanth.ExpenseData;
				PRODUCT_NAME = "$(TARGET_NAME)";
				SWIFT_EMIT_LOC_STRINGS = YES;
				SWIFT_VERSION = 5.0;
				TARGETED_DEVICE_FAMILY = "1,2";
			};
			name = Debug;
		};
		3DAFF2B92AC7638B008D57CF /* Release */ = {
			isa = XCBuildConfiguration;
			buildSettings = {
				ASSETCATALOG_COMPILER_APPICON_NAME = AppIcon;
				ASSETCATALOG_COMPILER_GLOBAL_ACCENT_COLOR_NAME = AccentColor;
				CODE_SIGN_STYLE = Automatic;
				CURRENT_PROJECT_VERSION = 1;
				DEVELOPMENT_ASSET_PATHS = "\"ExpenseData/Preview Content\"";
				ENABLE_PREVIEWS = YES;
				GENERATE_INFOPLIST_FILE = YES;
				INFOPLIST_KEY_UIApplicationSceneManifest_Generation = YES;
				INFOPLIST_KEY_UIApplicationSupportsIndirectInputEvents = YES;
				INFOPLIST_KEY_UILaunchScreen_Generation = YES;
				INFOPLIST_KEY_UISupportedInterfaceOrientations_iPad = "UIInterfaceOrientationPortrait UIInterfaceOrientationPortraitUpsideDown UIInterfaceOrientationLandscapeLeft UIInterfaceOrientationLandscapeRight";
				INFOPLIST_KEY_UISupportedInterfaceOrientations_iPhone = "UIInterfaceOrientationPortrait UIInterfaceOrientationLandscapeLeft UIInterfaceOrientationLandscapeRight";
				LD_RUNPATH_SEARCH_PATHS = (
					"$(inherited)",
					"@executable_path/Frameworks",
				);
				MARKETING_VERSION = 1.0;
				PRODUCT_BUNDLE_IDENTIFIER = com.ravikanth.ExpenseData;
				PRODUCT_NAME = "$(TARGET_NAME)";
				SWIFT_EMIT_LOC_STRINGS = YES;
				SWIFT_VERSION = 5.0;
				TARGETED_DEVICE_FAMILY = "1,2";
			};
			name = Release;
		};
/* End XCBuildConfiguration section */

/* Begin XCConfigurationList section */
		3DAFF2A22AC7638B008D57CF /* Build configuration list for PBXProject "ExpenseData" */ = {
			isa = XCConfigurationList;
			buildConfigurations = (
				3DAFF2B52AC7638B008D57CF /* Debug */,
				3DAFF2B62AC7638B008D57CF /* Release */,
			);
			defaultConfigurationIsVisible = 0;
			defaultConfigurationName = Release;
		};
		3DAFF2B72AC7638B008D57CF /* Build configuration list for PBXNativeTarget "ExpenseData" */ = {
			isa = XCConfigurationList;
			buildConfigurations = (
				3DAFF2B82AC7638B008D57CF /* Debug */,
				3DAFF2B92AC7638B008D57CF /* Release */,
			);
			defaultConfigurationIsVisible = 0;
			defaultConfigurationName = Release;
		};
/* End XCConfigurationList section */
	};
	rootObject = 3DAFF29F2AC7638B008D57CF /* Project object */;
}
